
Microsoft Visual Studio Solution File, Format Version 11.00
# Visual Studio 2010
Project("{FAE04EC0-301F-11D3-BF4B-00C04F79EFBC}") = "divisioneuclide", "divisioneuclide\divisioneuclide.csproj", "{EB8E1EE2-6499-47A5-9F76-0DA6B00CC46E}"
EndProject
Global
	GlobalSection(SolutionConfigurationPlatforms) = preSolution
		Debug|x86 = Debug|x86
		Release|x86 = Release|x86
	EndGlobalSection
	GlobalSection(ProjectConfigurationPlatforms) = postSolution
		{EB8E1EE2-6499-47A5-9F76-0DA6B00CC46E}.Debug|x86.ActiveCfg = Debug|x86
		{EB8E1EE2-6499-47A5-9F76-0DA6B00CC46E}.Debug|x86.Build.0 = Debug|x86
		{EB8E1EE2-6499-47A5-9F76-0DA6B00CC46E}.Release|x86.ActiveCfg = Release|x86
		{EB8E1EE2-6499-47A5-9F76-0DA6B00CC46E}.Release|x86.Build.0 = Release|x86
	EndGlobalSection
	GlobalSection(MonoDevelopProperties) = preSolution
		StartupItem = divisioneuclide\divisioneuclide.csproj
	EndGlobalSection
EndGlobal
